<?xml version="1.0" encoding="UTF-8" standalone="yes" ?>
<CodeBlocks_project_file>
	<FileVersion major="1" minor="6" />
	<Project>
		<Option title="tChTGN" />
		<Option pch_mode="2" />
		<Option compiler="gcc" />
		<Build>
			<Target title="Debug">
				<Option output="bin/Debug/tChTGN" prefix_auto="1" extension_auto="1" />
				<Option object_output="obj/Debug/" />
				<Option type="1" />
				<Option compiler="gcc" />
				<Option parameters="&lt;dataw &gt;chl" />
				<Compiler>
					<Add option="-g" />
				</Compiler>
			</Target>
			<Target title="Release">
				<Option output="bin/Release/tChTGN" prefix_auto="1" extension_auto="1" />
				<Option object_output="obj/Release/" />
				<Option type="1" />
				<Option compiler="gcc" />
				<Option parameters="&lt;dataw" />
				<Compiler>
					<Add option="-O2" />
				</Compiler>
				<Linker>
					<Add option="-s" />
				</Linker>
			</Target>
		</Build>
		<Compiler>
			<Add option="-Wall" />
			<Add option="-std=c++11" />
			<Add option="-fexceptions -fPIC" />
			<Add directory="eigenlib" />
		</Compiler>
		<Unit filename="building/undirectedModel/ChLT/ChLT.h" />
		<Unit filename="building/undirectedModel/UndirectedModel.cpp" />
		<Unit filename="building/undirectedModel/UndirectedModel.h" />
		<Unit filename="building/undirectedModel/tChJT/Cluster.h" />
		<Unit filename="building/undirectedModel/tChJT/DeterminantCalculator.h" />
		<Unit filename="building/undirectedModel/tChJT/PotentialUpdate.h" />
		<Unit filename="building/undirectedModel/tChJT/Separator.h" />
		<Unit filename="building/undirectedModel/tChJT/tChJT.cpp" />
		<Unit filename="building/undirectedModel/tChJT/tChJT.h" />
		<Unit filename="graph/Edge.h" />
		<Unit filename="graph/Graph.h" />
		<Unit filename="graph/UFDS.h" />
		<Unit filename="graph/Vertex.h" />
		<Unit filename="main.cpp" />
		<Extensions>
			<code_completion />
			<envvars />
			<debugger />
			<lib_finder disable_auto="1" />
		</Extensions>
	</Project>
</CodeBlocks_project_file>
